
Microsoft Visual Studio Solution File, Format Version 12.00
# Visual Studio 15
VisualStudioVersion = 15.0.28010.2003
MinimumVisualStudioVersion = 10.0.40219.1
Project("{9A19103F-16F7-4668-BE54-9A1E7A4F7556}") = "OperationTemplate.Core", "src\OperationTemplate.Core\OperationTemplate.Core.csproj", "{1AF77C60-A6B8-4110-AD88-49BA133221B3}"
EndProject
Project("{9A19103F-16F7-4668-BE54-9A1E7A4F7556}") = "OperationTemplate.DataContracts", "src\OperationTemplate.DataContracts\OperationTemplate.DataContracts.csproj", "{5D90DB73-1B5B-4578-8368-AE78A0993D65}"
EndProject
Global
	GlobalSection(SolutionConfigurationPlatforms) = preSolution
		Debug|Any CPU = Debug|Any CPU
		Release|Any CPU = Release|Any CPU
	EndGlobalSection
	GlobalSection(ProjectConfigurationPlatforms) = postSolution
		{1AF77C60-A6B8-4110-AD88-49BA133221B3}.Debug|Any CPU.ActiveCfg = Debug|Any CPU
		{1AF77C60-A6B8-4110-AD88-49BA133221B3}.Debug|Any CPU.Build.0 = Debug|Any CPU
		{1AF77C60-A6B8-4110-AD88-49BA133221B3}.Release|Any CPU.ActiveCfg = Release|Any CPU
		{1AF77C60-A6B8-4110-AD88-49BA133221B3}.Release|Any CPU.Build.0 = Release|Any CPU
		{5D90DB73-1B5B-4578-8368-AE78A0993D65}.Debug|Any CPU.ActiveCfg = Debug|Any CPU
		{5D90DB73-1B5B-4578-8368-AE78A0993D65}.Debug|Any CPU.Build.0 = Debug|Any CPU
		{5D90DB73-1B5B-4578-8368-AE78A0993D65}.Release|Any CPU.ActiveCfg = Release|Any CPU
		{5D90DB73-1B5B-4578-8368-AE78A0993D65}.Release|Any CPU.Build.0 = Release|Any CPU
	EndGlobalSection
	GlobalSection(SolutionProperties) = preSolution
		HideSolutionNode = FALSE
	EndGlobalSection
	GlobalSection(ExtensibilityGlobals) = postSolution
		SolutionGuid = {EDD7AA0D-28AA-4811-99EA-393D71DEF748}
	EndGlobalSection
EndGlobal
